// !$*UTF8*$!
{
	archiveVersion = 1;
	classes = {
	};
	objectVersion = 55;
	objects = {

/* Begin PBXBuildFile section */
		1417538828A572B1009595C7 /* TeamInfoViewController.swift in Sources */ = {isa = PBXBuildFile; fileRef = 1417538728A572B1009595C7 /* TeamInfoViewController.swift */; };
		1417538A28A57368009595C7 /* TeamViewController.swift in Sources */ = {isa = PBXBuildFile; fileRef = 1417538928A57367009595C7 /* TeamViewController.swift */; };
		141C5DE2289BA768009F4A66 /* AppDelegate.swift in Sources */ = {isa = PBXBuildFile; fileRef = 141C5DE1289BA768009F4A66 /* AppDelegate.swift */; };
		141C5DE4289BA768009F4A66 /* SceneDelegate.swift in Sources */ = {isa = PBXBuildFile; fileRef = 141C5DE3289BA768009F4A66 /* SceneDelegate.swift */; };
		141C5DE6289BA768009F4A66 /* AboutViewController.swift in Sources */ = {isa = PBXBuildFile; fileRef = 141C5DE5289BA768009F4A66 /* AboutViewController.swift */; };
		141C5DE9289BA768009F4A66 /* Main.storyboard in Resources */ = {isa = PBXBuildFile; fileRef = 141C5DE7289BA768009F4A66 /* Main.storyboard */; };
		141C5DEB289BA769009F4A66 /* Assets.xcassets in Resources */ = {isa = PBXBuildFile; fileRef = 141C5DEA289BA769009F4A66 /* Assets.xcassets */; };
		141C5DEE289BA769009F4A66 /* LaunchScreen.storyboard in Resources */ = {isa = PBXBuildFile; fileRef = 141C5DEC289BA769009F4A66 /* LaunchScreen.storyboard */; };
		144ED83828AABC6600DE0308 /* IAP Manager.swift in Sources */ = {isa = PBXBuildFile; fileRef = 144ED83728AABC6600DE0308 /* IAP Manager.swift */; };
		144ED83A28AABC7F00DE0308 /* SupportViewController.swift in Sources */ = {isa = PBXBuildFile; fileRef = 144ED83928AABC7F00DE0308 /* SupportViewController.swift */; };
		144ED83D28AABCCC00DE0308 /* StoreKit.framework in Frameworks */ = {isa = PBXBuildFile; fileRef = 144ED83C28AABCCC00DE0308 /* StoreKit.framework */; };
		144ED83F28AABCFD00DE0308 /* ProductIds.plist in Resources */ = {isa = PBXBuildFile; fileRef = 144ED83E28AABCFD00DE0308 /* ProductIds.plist */; };
		1455527128A6AE60007368FC /* TeamTrainViewController.swift in Sources */ = {isa = PBXBuildFile; fileRef = 1455527028A6AE60007368FC /* TeamTrainViewController.swift */; };
		148AA6ED28A6369300B8C02F /* TeamMapViewController.swift in Sources */ = {isa = PBXBuildFile; fileRef = 148AA6EC28A6369300B8C02F /* TeamMapViewController.swift */; };
		148AA6EF28A6390100B8C02F /* TeamFixturesViewController.swift in Sources */ = {isa = PBXBuildFile; fileRef = 148AA6EE28A6390100B8C02F /* TeamFixturesViewController.swift */; };
		14D54511289C398700F0BEDC /* TableViewController.swift in Sources */ = {isa = PBXBuildFile; fileRef = 14D54510289C398700F0BEDC /* TableViewController.swift */; };
/* End PBXBuildFile section */

/* Begin PBXFileReference section */
		1417538728A572B1009595C7 /* TeamInfoViewController.swift */ = {isa = PBXFileReference; lastKnownFileType = sourcecode.swift; path = TeamInfoViewController.swift; sourceTree = "<group>"; };
		1417538928A57367009595C7 /* TeamViewController.swift */ = {isa = PBXFileReference; lastKnownFileType = sourcecode.swift; path = TeamViewController.swift; sourceTree = "<group>"; };
		141C5DDE289BA768009F4A66 /* WSL Grounds.app */ = {isa = PBXFileReference; explicitFileType = wrapper.application; includeInIndex = 0; path = "WSL Grounds.app"; sourceTree = BUILT_PRODUCTS_DIR; };
		141C5DE1289BA768009F4A66 /* AppDelegate.swift */ = {isa = PBXFileReference; lastKnownFileType = sourcecode.swift; path = AppDelegate.swift; sourceTree = "<group>"; };
		141C5DE3289BA768009F4A66 /* SceneDelegate.swift */ = {isa = PBXFileReference; lastKnownFileType = sourcecode.swift; path = SceneDelegate.swift; sourceTree = "<group>"; };
		141C5DE5289BA768009F4A66 /* AboutViewController.swift */ = {isa = PBXFileReference; lastKnownFileType = sourcecode.swift; path = AboutViewController.swift; sourceTree = "<group>"; };
		141C5DE8289BA768009F4A66 /* Base */ = {isa = PBXFileReference; lastKnownFileType = file.storyboard; name = Base; path = Base.lproj/Main.storyboard; sourceTree = "<group>"; };
		141C5DEA289BA769009F4A66 /* Assets.xcassets */ = {isa = PBXFileReference; lastKnownFileType = folder.assetcatalog; path = Assets.xcassets; sourceTree = "<group>"; };
		141C5DED289BA769009F4A66 /* Base */ = {isa = PBXFileReference; lastKnownFileType = file.storyboard; name = Base; path = Base.lproj/LaunchScreen.storyboard; sourceTree = "<group>"; };
		141C5DEF289BA769009F4A66 /* Info.plist */ = {isa = PBXFileReference; lastKnownFileType = text.plist.xml; path = Info.plist; sourceTree = "<group>"; };
		144ED83728AABC6600DE0308 /* IAP Manager.swift */ = {isa = PBXFileReference; lastKnownFileType = sourcecode.swift; path = "IAP Manager.swift"; sourceTree = "<group>"; };
		144ED83928AABC7F00DE0308 /* SupportViewController.swift */ = {isa = PBXFileReference; lastKnownFileType = sourcecode.swift; path = SupportViewController.swift; sourceTree = "<group>"; };
		144ED83C28AABCCC00DE0308 /* StoreKit.framework */ = {isa = PBXFileReference; lastKnownFileType = wrapper.framework; name = StoreKit.framework; path = System/Library/Frameworks/StoreKit.framework; sourceTree = SDKROOT; };
		144ED83E28AABCFD00DE0308 /* ProductIds.plist */ = {isa = PBXFileReference; lastKnownFileType = text.plist.xml; path = ProductIds.plist; sourceTree = "<group>"; };
		1455527028A6AE60007368FC /* TeamTrainViewController.swift */ = {isa = PBXFileReference; lastKnownFileType = sourcecode.swift; path = TeamTrainViewController.swift; sourceTree = "<group>"; };
		148AA6EC28A6369300B8C02F /* TeamMapViewController.swift */ = {isa = PBXFileReference; lastKnownFileType = sourcecode.swift; path = TeamMapViewController.swift; sourceTree = "<group>"; };
		148AA6EE28A6390100B8C02F /* TeamFixturesViewController.swift */ = {isa = PBXFileReference; lastKnownFileType = sourcecode.swift; path = TeamFixturesViewController.swift; sourceTree = "<group>"; };
		14D54510289C398700F0BEDC /* TableViewController.swift */ = {isa = PBXFileReference; lastKnownFileType = sourcecode.swift; path = TableViewController.swift; sourceTree = "<group>"; };
/* End PBXFileReference section */

/* Begin PBXFrameworksBuildPhase section */
		141C5DDB289BA768009F4A66 /* Frameworks */ = {
			isa = PBXFrameworksBuildPhase;
			buildActionMask = 2147483647;
			files = (
				144ED83D28AABCCC00DE0308 /* StoreKit.framework in Frameworks */,
			);
			runOnlyForDeploymentPostprocessing = 0;
		};
/* End PBXFrameworksBuildPhase section */

/* Begin PBXGroup section */
		141C5DD5289BA768009F4A66 = {
			isa = PBXGroup;
			children = (
				141C5DE0289BA768009F4A66 /* WSL Grounds */,
				141C5DDF289BA768009F4A66 /* Products */,
				144ED83B28AABCCC00DE0308 /* Frameworks */,
			);
			sourceTree = "<group>";
		};
		141C5DDF289BA768009F4A66 /* Products */ = {
			isa = PBXGroup;
			children = (
				141C5DDE289BA768009F4A66 /* WSL Grounds.app */,
			);
			name = Products;
			sourceTree = "<group>";
		};
		141C5DE0289BA768009F4A66 /* WSL Grounds */ = {
			isa = PBXGroup;
			children = (
				141C5DE1289BA768009F4A66 /* AppDelegate.swift */,
				141C5DE3289BA768009F4A66 /* SceneDelegate.swift */,
				141C5DE5289BA768009F4A66 /* AboutViewController.swift */,
				14D54510289C398700F0BEDC /* TableViewController.swift */,
				141C5DE7289BA768009F4A66 /* Main.storyboard */,
				144ED83728AABC6600DE0308 /* IAP Manager.swift */,
				144ED83E28AABCFD00DE0308 /* ProductIds.plist */,
				144ED83928AABC7F00DE0308 /* SupportViewController.swift */,
				1455527028A6AE60007368FC /* TeamTrainViewController.swift */,
				148AA6EE28A6390100B8C02F /* TeamFixturesViewController.swift */,
				148AA6EC28A6369300B8C02F /* TeamMapViewController.swift */,
				1417538728A572B1009595C7 /* TeamInfoViewController.swift */,
				1417538928A57367009595C7 /* TeamViewController.swift */,
				141C5DEA289BA769009F4A66 /* Assets.xcassets */,
				141C5DEC289BA769009F4A66 /* LaunchScreen.storyboard */,
				141C5DEF289BA769009F4A66 /* Info.plist */,
			);
			path = "WSL Grounds";
			sourceTree = "<group>";
		};
		144ED83B28AABCCC00DE0308 /* Frameworks */ = {
			isa = PBXGroup;
			children = (
				144ED83C28AABCCC00DE0308 /* StoreKit.framework */,
			);
			name = Frameworks;
			sourceTree = "<group>";
		};
/* End PBXGroup section */

/* Begin PBXNativeTarget section */
		141C5DDD289BA768009F4A66 /* WSL Grounds */ = {
			isa = PBXNativeTarget;
			buildConfigurationList = 141C5DF2289BA769009F4A66 /* Build configuration list for PBXNativeTarget "WSL Grounds" */;
			buildPhases = (
				141C5DDA289BA768009F4A66 /* Sources */,
				141C5DDB289BA768009F4A66 /* Frameworks */,
				141C5DDC289BA768009F4A66 /* Resources */,
			);
			buildRules = (
			);
			dependencies = (
			);
			name = "WSL Grounds";
			productName = "WSL Grounds";
			productReference = 141C5DDE289BA768009F4A66 /* WSL Grounds.app */;
			productType = "com.apple.product-type.application";
		};
/* End PBXNativeTarget section */

/* Begin PBXProject section */
		141C5DD6289BA768009F4A66 /* Project object */ = {
			isa = PBXProject;
			attributes = {
				BuildIndependentTargetsInParallel = 1;
				LastSwiftUpdateCheck = 1330;
				LastUpgradeCheck = 1540;
				TargetAttributes = {
					141C5DDD289BA768009F4A66 = {
						CreatedOnToolsVersion = 13.3;
					};
				};
			};
			buildConfigurationList = 141C5DD9289BA768009F4A66 /* Build configuration list for PBXProject "WSL Grounds" */;
			compatibilityVersion = "Xcode 13.0";
			developmentRegion = en;
			hasScannedForEncodings = 0;
			knownRegions = (
				en,
				Base,
			);
			mainGroup = 141C5DD5289BA768009F4A66;
			productRefGroup = 141C5DDF289BA768009F4A66 /* Products */;
			projectDirPath = "";
			projectRoot = "";
			targets = (
				141C5DDD289BA768009F4A66 /* WSL Grounds */,
			);
		};
/* End PBXProject section */

/* Begin PBXResourcesBuildPhase section */
		141C5DDC289BA768009F4A66 /* Resources */ = {
			isa = PBXResourcesBuildPhase;
			buildActionMask = 2147483647;
			files = (
				141C5DEE289BA769009F4A66 /* LaunchScreen.storyboard in Resources */,
				141C5DEB289BA769009F4A66 /* Assets.xcassets in Resources */,
				141C5DE9289BA768009F4A66 /* Main.storyboard in Resources */,
				144ED83F28AABCFD00DE0308 /* ProductIds.plist in Resources */,
			);
			runOnlyForDeploymentPostprocessing = 0;
		};
/* End PBXResourcesBuildPhase section */

/* Begin PBXSourcesBuildPhase section */
		141C5DDA289BA768009F4A66 /* Sources */ = {
			isa = PBXSourcesBuildPhase;
			buildActionMask = 2147483647;
			files = (
				1417538828A572B1009595C7 /* TeamInfoViewController.swift in Sources */,
				1417538A28A57368009595C7 /* TeamViewController.swift in Sources */,
				144ED83A28AABC7F00DE0308 /* SupportViewController.swift in Sources */,
				141C5DE6289BA768009F4A66 /* AboutViewController.swift in Sources */,
				141C5DE2289BA768009F4A66 /* AppDelegate.swift in Sources */,
				1455527128A6AE60007368FC /* TeamTrainViewController.swift in Sources */,
				144ED83828AABC6600DE0308 /* IAP Manager.swift in Sources */,
				148AA6ED28A6369300B8C02F /* TeamMapViewController.swift in Sources */,
				141C5DE4289BA768009F4A66 /* SceneDelegate.swift in Sources */,
				148AA6EF28A6390100B8C02F /* TeamFixturesViewController.swift in Sources */,
				14D54511289C398700F0BEDC /* TableViewController.swift in Sources */,
			);
			runOnlyForDeploymentPostprocessing = 0;
		};
/* End PBXSourcesBuildPhase section */

/* Begin PBXVariantGroup section */
		141C5DE7289BA768009F4A66 /* Main.storyboard */ = {
			isa = PBXVariantGroup;
			children = (
				141C5DE8289BA768009F4A66 /* Base */,
			);
			name = Main.storyboard;
			sourceTree = "<group>";
		};
		141C5DEC289BA769009F4A66 /* LaunchScreen.storyboard */ = {
			isa = PBXVariantGroup;
			children = (
				141C5DED289BA769009F4A66 /* Base */,
			);
			name = LaunchScreen.storyboard;
			sourceTree = "<group>";
		};
/* End PBXVariantGroup section */

/* Begin XCBuildConfiguration section */
		141C5DF0289BA769009F4A66 /* Debug */ = {
			isa = XCBuildConfiguration;
			buildSettings = {
				ALWAYS_SEARCH_USER_PATHS = NO;
				ASSETCATALOG_COMPILER_GENERATE_SWIFT_ASSET_SYMBOL_EXTENSIONS = YES;
				CLANG_ANALYZER_NONNULL = YES;
				CLANG_ANALYZER_NUMBER_OBJECT_CONVERSION = YES_AGGRESSIVE;
				CLANG_CXX_LANGUAGE_STANDARD = "gnu++17";
				CLANG_ENABLE_MODULES = YES;
				CLANG_ENABLE_OBJC_ARC = YES;
				CLANG_ENABLE_OBJC_WEAK = YES;
				CLANG_WARN_BLOCK_CAPTURE_AUTORELEASING = YES;
				CLANG_WARN_BOOL_CONVERSION = YES;
				CLANG_WARN_COMMA = YES;
				CLANG_WARN_CONSTANT_CONVERSION = YES;
				CLANG_WARN_DEPRECATED_OBJC_IMPLEMENTATIONS = YES;
				CLANG_WARN_DIRECT_OBJC_ISA_USAGE = YES_ERROR;
				CLANG_WARN_DOCUMENTATION_COMMENTS = YES;
				CLANG_WARN_EMPTY_BODY = YES;
				CLANG_WARN_ENUM_CONVERSION = YES;
				CLANG_WARN_INFINITE_RECURSION = YES;
				CLANG_WARN_INT_CONVERSION = YES;
				CLANG_WARN_NON_LITERAL_NULL_CONVERSION = YES;
				CLANG_WARN_OBJC_IMPLICIT_RETAIN_SELF = YES;
				CLANG_WARN_OBJC_LITERAL_CONVERSION = YES;
				CLANG_WARN_OBJC_ROOT_CLASS = YES_ERROR;
				CLANG_WARN_QUOTED_INCLUDE_IN_FRAMEWORK_HEADER = YES;
				CLANG_WARN_RANGE_LOOP_ANALYSIS = YES;
				CLANG_WARN_STRICT_PROTOTYPES = YES;
				CLANG_WARN_SUSPICIOUS_MOVE = YES;
				CLANG_WARN_UNGUARDED_AVAILABILITY = YES_AGGRESSIVE;
				CLANG_WARN_UNREACHABLE_CODE = YES;
				CLANG_WARN__DUPLICATE_METHOD_MATCH = YES;
				COPY_PHASE_STRIP = NO;
				DEBUG_INFORMATION_FORMAT = dwarf;
				ENABLE_STRICT_OBJC_MSGSEND = YES;
				ENABLE_TESTABILITY = YES;
				ENABLE_USER_SCRIPT_SANDBOXING = YES;
				GCC_C_LANGUAGE_STANDARD = gnu11;
				GCC_DYNAMIC_NO_PIC = NO;
				GCC_NO_COMMON_BLOCKS = YES;
				GCC_OPTIMIZATION_LEVEL = 0;
				GCC_PREPROCESSOR_DEFINITIONS = (
					"DEBUG=1",
					"$(inherited)",
				);
				GCC_WARN_64_TO_32_BIT_CONVERSION = YES;
				GCC_WARN_ABOUT_RETURN_TYPE = YES_ERROR;
				GCC_WARN_UNDECLARED_SELECTOR = YES;
				GCC_WARN_UNINITIALIZED_AUTOS = YES_AGGRESSIVE;
				GCC_WARN_UNUSED_FUNCTION = YES;
				GCC_WARN_UNUSED_VARIABLE = YES;
				IPHONEOS_DEPLOYMENT_TARGET = 16.0;
				MTL_ENABLE_DEBUG_INFO = INCLUDE_SOURCE;
				MTL_FAST_MATH = YES;
				ONLY_ACTIVE_ARCH = YES;
				SDKROOT = iphoneos;
				SWIFT_ACTIVE_COMPILATION_CONDITIONS = DEBUG;
				SWIFT_OPTIMIZATION_LEVEL = "-Onone";
			};
			name = Debug;
		};
		141C5DF1289BA769009F4A66 /* Release */ = {
			isa = XCBuildConfiguration;
			buildSettings = {
				ALWAYS_SEARCH_USER_PATHS = NO;
				ASSETCATALOG_COMPILER_GENERATE_SWIFT_ASSET_SYMBOL_EXTENSIONS = YES;
				CLANG_ANALYZER_NONNULL = YES;
				CLANG_ANALYZER_NUMBER_OBJECT_CONVERSION = YES_AGGRESSIVE;
				CLANG_CXX_LANGUAGE_STANDARD = "gnu++17";
				CLANG_ENABLE_MODULES = YES;
				CLANG_ENABLE_OBJC_ARC = YES;
				CLANG_ENABLE_OBJC_WEAK = YES;
				CLANG_WARN_BLOCK_CAPTURE_AUTORELEASING = YES;
				CLANG_WARN_BOOL_CONVERSION = YES;
				CLANG_WARN_COMMA = YES;
				CLANG_WARN_CONSTANT_CONVERSION = YES;
				CLANG_WARN_DEPRECATED_OBJC_IMPLEMENTATIONS = YES;
				CLANG_WARN_DIRECT_OBJC_ISA_USAGE = YES_ERROR;
				CLANG_WARN_DOCUMENTATION_COMMENTS = YES;
				CLANG_WARN_EMPTY_BODY = YES;
				CLANG_WARN_ENUM_CONVERSION = YES;
				CLANG_WARN_INFINITE_RECURSION = YES;
				CLANG_WARN_INT_CONVERSION = YES;
				CLANG_WARN_NON_LITERAL_NULL_CONVERSION = YES;
				CLANG_WARN_OBJC_IMPLICIT_RETAIN_SELF = YES;
				CLANG_WARN_OBJC_LITERAL_CONVERSION = YES;
				CLANG_WARN_OBJC_ROOT_CLASS = YES_ERROR;
				CLANG_WARN_QUOTED_INCLUDE_IN_FRAMEWORK_HEADER = YES;
				CLANG_WARN_RANGE_LOOP_ANALYSIS = YES;
				CLANG_WARN_STRICT_PROTOTYPES = YES;
				CLANG_WARN_SUSPICIOUS_MOVE = YES;
				CLANG_WARN_UNGUARDED_AVAILABILITY = YES_AGGRESSIVE;
				CLANG_WARN_UNREACHABLE_CODE = YES;
				CLANG_WARN__DUPLICATE_METHOD_MATCH = YES;
				COPY_PHASE_STRIP = NO;
				DEBUG_INFORMATION_FORMAT = "dwarf-with-dsym";
				ENABLE_NS_ASSERTIONS = NO;
				ENABLE_STRICT_OBJC_MSGSEND = YES;
				ENABLE_USER_SCRIPT_SANDBOXING = YES;
				GCC_C_LANGUAGE_STANDARD = gnu11;
				GCC_NO_COMMON_BLOCKS = YES;
				GCC_WARN_64_TO_32_BIT_CONVERSION = YES;
				GCC_WARN_ABOUT_RETURN_TYPE = YES_ERROR;
				GCC_WARN_UNDECLARED_SELECTOR = YES;
				GCC_WARN_UNINITIALIZED_AUTOS = YES_AGGRESSIVE;
				GCC_WARN_UNUSED_FUNCTION = YES;
				GCC_WARN_UNUSED_VARIABLE = YES;
				IPHONEOS_DEPLOYMENT_TARGET = 16.0;
				MTL_ENABLE_DEBUG_INFO = NO;
				MTL_FAST_MATH = YES;
				SDKROOT = iphoneos;
				SWIFT_COMPILATION_MODE = wholemodule;
				SWIFT_OPTIMIZATION_LEVEL = "-O";
				VALIDATE_PRODUCT = YES;
			};
			name = Release;
		};
		141C5DF3289BA769009F4A66 /* Debug */ = {
			isa = XCBuildConfiguration;
			buildSettings = {
				ASSETCATALOG_COMPILER_APPICON_NAME = AppIcon;
				ASSETCATALOG_COMPILER_GLOBAL_ACCENT_COLOR_NAME = AccentColor;
				CODE_SIGN_STYLE = Automatic;
				CURRENT_PROJECT_VERSION = 1;
				DEVELOPMENT_TEAM = NLNPC5X4J8;
				GENERATE_INFOPLIST_FILE = YES;
				INFOPLIST_FILE = "WSL Grounds/Info.plist";
				INFOPLIST_KEY_CFBundleDisplayName = "WSL Grounds";
				INFOPLIST_KEY_LSApplicationCategoryType = "public.app-category.sports";
				INFOPLIST_KEY_NSLocationWhenInUseUsageDescription = "Your location will be shown on the stadium map page, allowing you to find your way to the stadium.";
				INFOPLIST_KEY_UIApplicationSupportsIndirectInputEvents = YES;
				INFOPLIST_KEY_UILaunchStoryboardName = LaunchScreen;
				INFOPLIST_KEY_UIMainStoryboardFile = Main;
				INFOPLIST_KEY_UISupportedInterfaceOrientations = "UIInterfaceOrientationPortrait UIInterfaceOrientationPortraitUpsideDown";
				INFOPLIST_KEY_UISupportedInterfaceOrientations_iPad = "UIInterfaceOrientationLandscapeLeft UIInterfaceOrientationLandscapeRight UIInterfaceOrientationPortrait UIInterfaceOrientationPortraitUpsideDown";
				IPHONEOS_DEPLOYMENT_TARGET = 16.0;
				LD_RUNPATH_SEARCH_PATHS = (
					"$(inherited)",
					"@executable_path/Frameworks",
				);
				MARKETING_VERSION = 1.4;
				PRODUCT_BUNDLE_IDENTIFIER = "com.danielearl.WSL-Grounds";
				PRODUCT_NAME = "$(TARGET_NAME)";
				SWIFT_EMIT_LOC_STRINGS = YES;
				SWIFT_VERSION = 5.0;
				TARGETED_DEVICE_FAMILY = "1,2";
			};
			name = Debug;
		};
		141C5DF4289BA769009F4A66 /* Release */ = {
			isa = XCBuildConfiguration;
			buildSettings = {
				ASSETCATALOG_COMPILER_APPICON_NAME = AppIcon;
				ASSETCATALOG_COMPILER_GLOBAL_ACCENT_COLOR_NAME = AccentColor;
				CODE_SIGN_STYLE = Automatic;
				CURRENT_PROJECT_VERSION = 1;
				DEVELOPMENT_TEAM = NLNPC5X4J8;
				GENERATE_INFOPLIST_FILE = YES;
				INFOPLIST_FILE = "WSL Grounds/Info.plist";
				INFOPLIST_KEY_CFBundleDisplayName = "WSL Grounds";
				INFOPLIST_KEY_LSApplicationCategoryType = "public.app-category.sports";
				INFOPLIST_KEY_NSLocationWhenInUseUsageDescription = "Your location will be shown on the stadium map page, allowing you to find your way to the stadium.";
				INFOPLIST_KEY_UIApplicationSupportsIndirectInputEvents = YES;
				INFOPLIST_KEY_UILaunchStoryboardName = LaunchScreen;
				INFOPLIST_KEY_UIMainStoryboardFile = Main;
				INFOPLIST_KEY_UISupportedInterfaceOrientations = "UIInterfaceOrientationPortrait UIInterfaceOrientationPortraitUpsideDown";
				INFOPLIST_KEY_UISupportedInterfaceOrientations_iPad = "UIInterfaceOrientationLandscapeLeft UIInterfaceOrientationLandscapeRight UIInterfaceOrientationPortrait UIInterfaceOrientationPortraitUpsideDown";
				IPHONEOS_DEPLOYMENT_TARGET = 16.0;
				LD_RUNPATH_SEARCH_PATHS = (
					"$(inherited)",
					"@executable_path/Frameworks",
				);
				MARKETING_VERSION = 1.4;
				PRODUCT_BUNDLE_IDENTIFIER = "com.danielearl.WSL-Grounds";
				PRODUCT_NAME = "$(TARGET_NAME)";
				SWIFT_EMIT_LOC_STRINGS = YES;
				SWIFT_VERSION = 5.0;
				TARGETED_DEVICE_FAMILY = "1,2";
			};
			name = Release;
		};
/* End XCBuildConfiguration section */

/* Begin XCConfigurationList section */
		141C5DD9289BA768009F4A66 /* Build configuration list for PBXProject "WSL Grounds" */ = {
			isa = XCConfigurationList;
			buildConfigurations = (
				141C5DF0289BA769009F4A66 /* Debug */,
				141C5DF1289BA769009F4A66 /* Release */,
			);
			defaultConfigurationIsVisible = 0;
			defaultConfigurationName = Release;
		};
		141C5DF2289BA769009F4A66 /* Build configuration list for PBXNativeTarget "WSL Grounds" */ = {
			isa = XCConfigurationList;
			buildConfigurations = (
				141C5DF3289BA769009F4A66 /* Debug */,
				141C5DF4289BA769009F4A66 /* Release */,
			);
			defaultConfigurationIsVisible = 0;
			defaultConfigurationName = Release;
		};
/* End XCConfigurationList section */
	};
	rootObject = 141C5DD6289BA768009F4A66 /* Project object */;
}
